
Microsoft Visual Studio Solution File, Format Version 12.00
# Visual Studio Version 16
VisualStudioVersion = 16.0.30503.244
MinimumVisualStudioVersion = 10.0.40219.1
Project("{9A19103F-16F7-4668-BE54-9A1E7A4F7556}") = "webapiclient", "webapiclient.csproj", "{B0DC02D3-D7EA-48AC-A242-6911DDE1667A}"
EndProject
Global
	GlobalSection(SolutionConfigurationPlatforms) = preSolution
		Debug|Any CPU = Debug|Any CPU
		Release|Any CPU = Release|Any CPU
	EndGlobalSection
	GlobalSection(ProjectConfigurationPlatforms) = postSolution
		{B0DC02D3-D7EA-48AC-A242-6911DDE1667A}.Debug|Any CPU.ActiveCfg = Debug|Any CPU
		{B0DC02D3-D7EA-48AC-A242-6911DDE1667A}.Debug|Any CPU.Build.0 = Debug|Any CPU
		{B0DC02D3-D7EA-48AC-A242-6911DDE1667A}.Release|Any CPU.ActiveCfg = Release|Any CPU
		{B0DC02D3-D7EA-48AC-A242-6911DDE1667A}.Release|Any CPU.Build.0 = Release|Any CPU
	EndGlobalSection
	GlobalSection(SolutionProperties) = preSolution
		HideSolutionNode = FALSE
	EndGlobalSection
	GlobalSection(ExtensibilityGlobals) = postSolution
		SolutionGuid = {1167189A-8C1C-460C-8AA0-DA8A8694134C}
	EndGlobalSection
EndGlobal
